
Microsoft Visual Studio Solution File, Format Version 12.00
# Visual Studio Version 16
VisualStudioVersion = 16.0.29230.47
MinimumVisualStudioVersion = 10.0.40219.1
Project("{FAE04EC0-301F-11D3-BF4B-00C04F79EFBC}") = "SalesWebMvc", "SalesWebMvc\SalesWebMvc.csproj", "{7E8E9A9B-0454-4817-A92C-AB21CAA93ACC}"
EndProject
Global
	GlobalSection(SolutionConfigurationPlatforms) = preSolution
		Debug|Any CPU = Debug|Any CPU
		Release|Any CPU = Release|Any CPU
	EndGlobalSection
	GlobalSection(ProjectConfigurationPlatforms) = postSolution
		{7E8E9A9B-0454-4817-A92C-AB21CAA93ACC}.Debug|Any CPU.ActiveCfg = Debug|Any CPU
		{7E8E9A9B-0454-4817-A92C-AB21CAA93ACC}.Debug|Any CPU.Build.0 = Debug|Any CPU
		{7E8E9A9B-0454-4817-A92C-AB21CAA93ACC}.Release|Any CPU.ActiveCfg = Release|Any CPU
		{7E8E9A9B-0454-4817-A92C-AB21CAA93ACC}.Release|Any CPU.Build.0 = Release|Any CPU
	EndGlobalSection
	GlobalSection(SolutionProperties) = preSolution
		HideSolutionNode = FALSE
	EndGlobalSection
	GlobalSection(ExtensibilityGlobals) = postSolution
		SolutionGuid = {0C5AFBCC-C5E5-4949-9101-A60D9E164F35}
	EndGlobalSection
EndGlobal
